
Microsoft Visual Studio Solution File, Format Version 12.00
# Visual Studio Version 17
VisualStudioVersion = 17.9.34616.47
MinimumVisualStudioVersion = 10.0.40219.1
Project("{FAE04EC0-301F-11D3-BF4B-00C04F79EFBC}") = "NZWalks.API", "NZWalks.API\NZWalks.API.csproj", "{FE4006A9-CFB6-4800-B1DD-23D4D3ADA402}"
EndProject
Global
	GlobalSection(SolutionConfigurationPlatforms) = preSolution
		Debug|Any CPU = Debug|Any CPU
		Release|Any CPU = Release|Any CPU
	EndGlobalSection
	GlobalSection(ProjectConfigurationPlatforms) = postSolution
		{FE4006A9-CFB6-4800-B1DD-23D4D3ADA402}.Debug|Any CPU.ActiveCfg = Debug|Any CPU
		{FE4006A9-CFB6-4800-B1DD-23D4D3ADA402}.Debug|Any CPU.Build.0 = Debug|Any CPU
		{FE4006A9-CFB6-4800-B1DD-23D4D3ADA402}.Release|Any CPU.ActiveCfg = Release|Any CPU
		{FE4006A9-CFB6-4800-B1DD-23D4D3ADA402}.Release|Any CPU.Build.0 = Release|Any CPU
	EndGlobalSection
	GlobalSection(SolutionProperties) = preSolution
		HideSolutionNode = FALSE
	EndGlobalSection
	GlobalSection(ExtensibilityGlobals) = postSolution
		SolutionGuid = {3D969CF8-4AA5-4A58-B4BE-157607796195}
	EndGlobalSection
EndGlobal
